// !$*UTF8*$!
{
	archiveVersion = 1;
	classes = {
	};
	objectVersion = 50;
	objects = {

/* Begin PBXBuildFile section */
		08D6EFD725171821007198C0 /* MoonSplash_iOSApp.swift in Sources */ = {isa = PBXBuildFile; fileRef = 08D6EFD625171821007198C0 /* MoonSplash_iOSApp.swift */; };
		08D6EFD925171821007198C0 /* ContentView.swift in Sources */ = {isa = PBXBuildFile; fileRef = 08D6EFD825171821007198C0 /* ContentView.swift */; };
		08D6EFDB25171824007198C0 /* Assets.xcassets in Resources */ = {isa = PBXBuildFile; fileRef = 08D6EFDA25171824007198C0 /* Assets.xcassets */; };
		08D6EFDE25171824007198C0 /* Preview Assets.xcassets in Resources */ = {isa = PBXBuildFile; fileRef = 08D6EFDD25171824007198C0 /* Preview Assets.xcassets */; };
		08D6EFED2517190D007198C0 /* TagsItem.swift in Sources */ = {isa = PBXBuildFile; fileRef = 08D6EFEC2517190D007198C0 /* TagsItem.swift */; };
		08D6EFF1251719B7007198C0 /* PositionItem.swift in Sources */ = {isa = PBXBuildFile; fileRef = 08D6EFF0251719B7007198C0 /* PositionItem.swift */; };
		08D6EFF425171AA4007198C0 /* UrlsItem.swift in Sources */ = {isa = PBXBuildFile; fileRef = 08D6EFF325171AA4007198C0 /* UrlsItem.swift */; };
		08D6EFF725171B0B007198C0 /* ValuesItem.swift in Sources */ = {isa = PBXBuildFile; fileRef = 08D6EFF625171B0B007198C0 /* ValuesItem.swift */; };
		08D6EFFA25171B79007198C0 /* HistoricalItem.swift in Sources */ = {isa = PBXBuildFile; fileRef = 08D6EFF925171B79007198C0 /* HistoricalItem.swift */; };
		08D6EFFD25171C4F007198C0 /* ProfileImageItem.swift in Sources */ = {isa = PBXBuildFile; fileRef = 08D6EFFC25171C4F007198C0 /* ProfileImageItem.swift */; };
		08D6F00025171C92007198C0 /* UserItem.swift in Sources */ = {isa = PBXBuildFile; fileRef = 08D6EFFF25171C92007198C0 /* UserItem.swift */; };
		08D6F00325171D09007198C0 /* LinksItem.swift in Sources */ = {isa = PBXBuildFile; fileRef = 08D6F00225171D09007198C0 /* LinksItem.swift */; };
		08D6F00625171DCD007198C0 /* LocationItem.swift in Sources */ = {isa = PBXBuildFile; fileRef = 08D6F00525171DCD007198C0 /* LocationItem.swift */; };
		08D6F00925171FB6007198C0 /* LikesItem.swift in Sources */ = {isa = PBXBuildFile; fileRef = 08D6F00825171FB6007198C0 /* LikesItem.swift */; };
		08D6F00C25171FEF007198C0 /* DownloadsItem.swift in Sources */ = {isa = PBXBuildFile; fileRef = 08D6F00B25171FEF007198C0 /* DownloadsItem.swift */; };
		08D6F01025172031007198C0 /* ExifItem.swift in Sources */ = {isa = PBXBuildFile; fileRef = 08D6F00F25172031007198C0 /* ExifItem.swift */; };
		08D6F0142517207C007198C0 /* CurrentUserCollectionsItem.swift in Sources */ = {isa = PBXBuildFile; fileRef = 08D6F0132517207C007198C0 /* CurrentUserCollectionsItem.swift */; };
		08D6F017251720D5007198C0 /* CoverPhotoItem.swift in Sources */ = {isa = PBXBuildFile; fileRef = 08D6F016251720D5007198C0 /* CoverPhotoItem.swift */; };
		08D6F01A25172146007198C0 /* StatisticsItem.swift in Sources */ = {isa = PBXBuildFile; fileRef = 08D6F01925172146007198C0 /* StatisticsItem.swift */; };
		08D6F01D2517218D007198C0 /* ViewsItem.swift in Sources */ = {isa = PBXBuildFile; fileRef = 08D6F01C2517218D007198C0 /* ViewsItem.swift */; };
		08D6F02025172360007198C0 /* PhotoItem.swift in Sources */ = {isa = PBXBuildFile; fileRef = 08D6F01F25172360007198C0 /* PhotoItem.swift */; };
		08D6F02325173744007198C0 /* Tags.swift in Sources */ = {isa = PBXBuildFile; fileRef = 08D6F02225173744007198C0 /* Tags.swift */; };
		08D6F0262517376B007198C0 /* Position.swift in Sources */ = {isa = PBXBuildFile; fileRef = 08D6F0252517376B007198C0 /* Position.swift */; };
		08D6F02925173791007198C0 /* Urls.swift in Sources */ = {isa = PBXBuildFile; fileRef = 08D6F02825173791007198C0 /* Urls.swift */; };
		08D6F02C251737D0007198C0 /* Values.swift in Sources */ = {isa = PBXBuildFile; fileRef = 08D6F02B251737D0007198C0 /* Values.swift */; };
		08D6F02F25173813007198C0 /* Historical.swift in Sources */ = {isa = PBXBuildFile; fileRef = 08D6F02E25173813007198C0 /* Historical.swift */; };
		08D6F03225173851007198C0 /* ProfilImage.swift in Sources */ = {isa = PBXBuildFile; fileRef = 08D6F03125173851007198C0 /* ProfilImage.swift */; };
		08D6F035251738A0007198C0 /* Links.swift in Sources */ = {isa = PBXBuildFile; fileRef = 08D6F034251738A0007198C0 /* Links.swift */; };
		08D6F038251738E6007198C0 /* User.swift in Sources */ = {isa = PBXBuildFile; fileRef = 08D6F037251738E6007198C0 /* User.swift */; };
		08D6F03B25173944007198C0 /* Location.swift in Sources */ = {isa = PBXBuildFile; fileRef = 08D6F03A25173944007198C0 /* Location.swift */; };
		08D6F03E25173A5C007198C0 /* Likes.swift in Sources */ = {isa = PBXBuildFile; fileRef = 08D6F03D25173A5C007198C0 /* Likes.swift */; };
		08D6F04125173AB0007198C0 /* Downloads.swift in Sources */ = {isa = PBXBuildFile; fileRef = 08D6F04025173AB0007198C0 /* Downloads.swift */; };
		08D6F04425173AD1007198C0 /* Exif.swift in Sources */ = {isa = PBXBuildFile; fileRef = 08D6F04325173AD1007198C0 /* Exif.swift */; };
		08D6F04725173B17007198C0 /* CurrentUserCollections.swift in Sources */ = {isa = PBXBuildFile; fileRef = 08D6F04625173B17007198C0 /* CurrentUserCollections.swift */; };
		08D6F04A25173B4F007198C0 /* CoverPhoto.swift in Sources */ = {isa = PBXBuildFile; fileRef = 08D6F04925173B4F007198C0 /* CoverPhoto.swift */; };
		08D6F04D25173B94007198C0 /* Views.swift in Sources */ = {isa = PBXBuildFile; fileRef = 08D6F04C25173B94007198C0 /* Views.swift */; };
		08D6F05025173BB8007198C0 /* Statistics.swift in Sources */ = {isa = PBXBuildFile; fileRef = 08D6F04F25173BB8007198C0 /* Statistics.swift */; };
		08D6F05325173BE6007198C0 /* Photo.swift in Sources */ = {isa = PBXBuildFile; fileRef = 08D6F05225173BE6007198C0 /* Photo.swift */; };
		65425BC08D2E773DC15A01D3 /* Pods_MoonSplash_iOS.framework in Frameworks */ = {isa = PBXBuildFile; fileRef = CDFDA8884D33EC9AABBDF312 /* Pods_MoonSplash_iOS.framework */; };
/* End PBXBuildFile section */

/* Begin PBXFileReference section */
		08D6EFD325171821007198C0 /* MoonSplash_iOS.app */ = {isa = PBXFileReference; explicitFileType = wrapper.application; includeInIndex = 0; path = MoonSplash_iOS.app; sourceTree = BUILT_PRODUCTS_DIR; };
		08D6EFD625171821007198C0 /* MoonSplash_iOSApp.swift */ = {isa = PBXFileReference; lastKnownFileType = sourcecode.swift; path = MoonSplash_iOSApp.swift; sourceTree = "<group>"; };
		08D6EFD825171821007198C0 /* ContentView.swift */ = {isa = PBXFileReference; lastKnownFileType = sourcecode.swift; path = ContentView.swift; sourceTree = "<group>"; };
		08D6EFDA25171824007198C0 /* Assets.xcassets */ = {isa = PBXFileReference; lastKnownFileType = folder.assetcatalog; path = Assets.xcassets; sourceTree = "<group>"; };
		08D6EFDD25171824007198C0 /* Preview Assets.xcassets */ = {isa = PBXFileReference; lastKnownFileType = folder.assetcatalog; path = "Preview Assets.xcassets"; sourceTree = "<group>"; };
		08D6EFDF25171824007198C0 /* Info.plist */ = {isa = PBXFileReference; lastKnownFileType = text.plist.xml; path = Info.plist; sourceTree = "<group>"; };
		08D6EFEC2517190D007198C0 /* TagsItem.swift */ = {isa = PBXFileReference; lastKnownFileType = sourcecode.swift; path = TagsItem.swift; sourceTree = "<group>"; };
		08D6EFF0251719B7007198C0 /* PositionItem.swift */ = {isa = PBXFileReference; lastKnownFileType = sourcecode.swift; path = PositionItem.swift; sourceTree = "<group>"; };
		08D6EFF325171AA4007198C0 /* UrlsItem.swift */ = {isa = PBXFileReference; lastKnownFileType = sourcecode.swift; path = UrlsItem.swift; sourceTree = "<group>"; };
		08D6EFF625171B0B007198C0 /* ValuesItem.swift */ = {isa = PBXFileReference; lastKnownFileType = sourcecode.swift; path = ValuesItem.swift; sourceTree = "<group>"; };
		08D6EFF925171B79007198C0 /* HistoricalItem.swift */ = {isa = PBXFileReference; lastKnownFileType = sourcecode.swift; path = HistoricalItem.swift; sourceTree = "<group>"; };
		08D6EFFC25171C4F007198C0 /* ProfileImageItem.swift */ = {isa = PBXFileReference; lastKnownFileType = sourcecode.swift; path = ProfileImageItem.swift; sourceTree = "<group>"; };
		08D6EFFF25171C92007198C0 /* UserItem.swift */ = {isa = PBXFileReference; lastKnownFileType = sourcecode.swift; path = UserItem.swift; sourceTree = "<group>"; };
		08D6F00225171D09007198C0 /* LinksItem.swift */ = {isa = PBXFileReference; lastKnownFileType = sourcecode.swift; path = LinksItem.swift; sourceTree = "<group>"; };
		08D6F00525171DCD007198C0 /* LocationItem.swift */ = {isa = PBXFileReference; lastKnownFileType = sourcecode.swift; path = LocationItem.swift; sourceTree = "<group>"; };
		08D6F00825171FB6007198C0 /* LikesItem.swift */ = {isa = PBXFileReference; lastKnownFileType = sourcecode.swift; path = LikesItem.swift; sourceTree = "<group>"; };
		08D6F00B25171FEF007198C0 /* DownloadsItem.swift */ = {isa = PBXFileReference; lastKnownFileType = sourcecode.swift; path = DownloadsItem.swift; sourceTree = "<group>"; };
		08D6F00F25172031007198C0 /* ExifItem.swift */ = {isa = PBXFileReference; lastKnownFileType = sourcecode.swift; path = ExifItem.swift; sourceTree = "<group>"; };
		08D6F0132517207C007198C0 /* CurrentUserCollectionsItem.swift */ = {isa = PBXFileReference; lastKnownFileType = sourcecode.swift; path = CurrentUserCollectionsItem.swift; sourceTree = "<group>"; };
		08D6F016251720D5007198C0 /* CoverPhotoItem.swift */ = {isa = PBXFileReference; lastKnownFileType = sourcecode.swift; path = CoverPhotoItem.swift; sourceTree = "<group>"; };
		08D6F01925172146007198C0 /* StatisticsItem.swift */ = {isa = PBXFileReference; lastKnownFileType = sourcecode.swift; path = StatisticsItem.swift; sourceTree = "<group>"; };
		08D6F01C2517218D007198C0 /* ViewsItem.swift */ = {isa = PBXFileReference; lastKnownFileType = sourcecode.swift; path = ViewsItem.swift; sourceTree = "<group>"; };
		08D6F01F25172360007198C0 /* PhotoItem.swift */ = {isa = PBXFileReference; lastKnownFileType = sourcecode.swift; path = PhotoItem.swift; sourceTree = "<group>"; };
		08D6F02225173744007198C0 /* Tags.swift */ = {isa = PBXFileReference; lastKnownFileType = sourcecode.swift; path = Tags.swift; sourceTree = "<group>"; };
		08D6F0252517376B007198C0 /* Position.swift */ = {isa = PBXFileReference; lastKnownFileType = sourcecode.swift; path = Position.swift; sourceTree = "<group>"; };
		08D6F02825173791007198C0 /* Urls.swift */ = {isa = PBXFileReference; lastKnownFileType = sourcecode.swift; path = Urls.swift; sourceTree = "<group>"; };
		08D6F02B251737D0007198C0 /* Values.swift */ = {isa = PBXFileReference; lastKnownFileType = sourcecode.swift; path = Values.swift; sourceTree = "<group>"; };
		08D6F02E25173813007198C0 /* Historical.swift */ = {isa = PBXFileReference; lastKnownFileType = sourcecode.swift; path = Historical.swift; sourceTree = "<group>"; };
		08D6F03125173851007198C0 /* ProfilImage.swift */ = {isa = PBXFileReference; lastKnownFileType = sourcecode.swift; path = ProfilImage.swift; sourceTree = "<group>"; };
		08D6F034251738A0007198C0 /* Links.swift */ = {isa = PBXFileReference; lastKnownFileType = sourcecode.swift; path = Links.swift; sourceTree = "<group>"; };
		08D6F037251738E6007198C0 /* User.swift */ = {isa = PBXFileReference; lastKnownFileType = sourcecode.swift; path = User.swift; sourceTree = "<group>"; };
		08D6F03A25173944007198C0 /* Location.swift */ = {isa = PBXFileReference; lastKnownFileType = sourcecode.swift; path = Location.swift; sourceTree = "<group>"; };
		08D6F03D25173A5C007198C0 /* Likes.swift */ = {isa = PBXFileReference; lastKnownFileType = sourcecode.swift; path = Likes.swift; sourceTree = "<group>"; };
		08D6F04025173AB0007198C0 /* Downloads.swift */ = {isa = PBXFileReference; lastKnownFileType = sourcecode.swift; path = Downloads.swift; sourceTree = "<group>"; };
		08D6F04325173AD1007198C0 /* Exif.swift */ = {isa = PBXFileReference; lastKnownFileType = sourcecode.swift; path = Exif.swift; sourceTree = "<group>"; };
		08D6F04625173B17007198C0 /* CurrentUserCollections.swift */ = {isa = PBXFileReference; lastKnownFileType = sourcecode.swift; path = CurrentUserCollections.swift; sourceTree = "<group>"; };
		08D6F04925173B4F007198C0 /* CoverPhoto.swift */ = {isa = PBXFileReference; lastKnownFileType = sourcecode.swift; path = CoverPhoto.swift; sourceTree = "<group>"; };
		08D6F04C25173B94007198C0 /* Views.swift */ = {isa = PBXFileReference; lastKnownFileType = sourcecode.swift; path = Views.swift; sourceTree = "<group>"; };
		08D6F04F25173BB8007198C0 /* Statistics.swift */ = {isa = PBXFileReference; lastKnownFileType = sourcecode.swift; path = Statistics.swift; sourceTree = "<group>"; };
		08D6F05225173BE6007198C0 /* Photo.swift */ = {isa = PBXFileReference; lastKnownFileType = sourcecode.swift; path = Photo.swift; sourceTree = "<group>"; };
		9BDE8C612E944B0AA7F6CACA /* Pods-MoonSplash_iOS.debug.xcconfig */ = {isa = PBXFileReference; includeInIndex = 1; lastKnownFileType = text.xcconfig; name = "Pods-MoonSplash_iOS.debug.xcconfig"; path = "Target Support Files/Pods-MoonSplash_iOS/Pods-MoonSplash_iOS.debug.xcconfig"; sourceTree = "<group>"; };
		CB05E15EC164F8D8289D76CF /* Pods-MoonSplash_iOS.release.xcconfig */ = {isa = PBXFileReference; includeInIndex = 1; lastKnownFileType = text.xcconfig; name = "Pods-MoonSplash_iOS.release.xcconfig"; path = "Target Support Files/Pods-MoonSplash_iOS/Pods-MoonSplash_iOS.release.xcconfig"; sourceTree = "<group>"; };
		CDFDA8884D33EC9AABBDF312 /* Pods_MoonSplash_iOS.framework */ = {isa = PBXFileReference; explicitFileType = wrapper.framework; includeInIndex = 0; path = Pods_MoonSplash_iOS.framework; sourceTree = BUILT_PRODUCTS_DIR; };
/* End PBXFileReference section */

/* Begin PBXFrameworksBuildPhase section */
		08D6EFD025171820007198C0 /* Frameworks */ = {
			isa = PBXFrameworksBuildPhase;
			buildActionMask = 2147483647;
			files = (
				65425BC08D2E773DC15A01D3 /* Pods_MoonSplash_iOS.framework in Frameworks */,
			);
			runOnlyForDeploymentPostprocessing = 0;
		};
/* End PBXFrameworksBuildPhase section */

/* Begin PBXGroup section */
		08D6EFCA25171820007198C0 = {
			isa = PBXGroup;
			children = (
				08D6EFD525171821007198C0 /* MoonSplash_iOS */,
				08D6EFD425171821007198C0 /* Products */,
				D2E165C76FF4FE55E3C118C3 /* Pods */,
				606444F252079A2950706C93 /* Frameworks */,
			);
			sourceTree = "<group>";
		};
		08D6EFD425171821007198C0 /* Products */ = {
			isa = PBXGroup;
			children = (
				08D6EFD325171821007198C0 /* MoonSplash_iOS.app */,
			);
			name = Products;
			sourceTree = "<group>";
		};
		08D6EFD525171821007198C0 /* MoonSplash_iOS */ = {
			isa = PBXGroup;
			children = (
				08D6EFE8251718D5007198C0 /* Presentation */,
				08D6EFE7251718CE007198C0 /* Domain */,
				08D6EFE6251718C7007198C0 /* Data */,
				08D6EFD625171821007198C0 /* MoonSplash_iOSApp.swift */,
				08D6EFD825171821007198C0 /* ContentView.swift */,
				08D6EFDA25171824007198C0 /* Assets.xcassets */,
				08D6EFDF25171824007198C0 /* Info.plist */,
				08D6EFDC25171824007198C0 /* Preview Content */,
			);
			path = MoonSplash_iOS;
			sourceTree = "<group>";
		};
		08D6EFDC25171824007198C0 /* Preview Content */ = {
			isa = PBXGroup;
			children = (
				08D6EFDD25171824007198C0 /* Preview Assets.xcassets */,
			);
			path = "Preview Content";
			sourceTree = "<group>";
		};
		08D6EFE6251718C7007198C0 /* Data */ = {
			isa = PBXGroup;
			children = (
				08D6EFE9251718E2007198C0 /* Entity */,
			);
			path = Data;
			sourceTree = "<group>";
		};
		08D6EFE7251718CE007198C0 /* Domain */ = {
			isa = PBXGroup;
			children = (
				08D6EFEA251718EE007198C0 /* Entity */,
			);
			path = Domain;
			sourceTree = "<group>";
		};
		08D6EFE8251718D5007198C0 /* Presentation */ = {
			isa = PBXGroup;
			children = (
			);
			path = Presentation;
			sourceTree = "<group>";
		};
		08D6EFE9251718E2007198C0 /* Entity */ = {
			isa = PBXGroup;
			children = (
				08D6EFEC2517190D007198C0 /* TagsItem.swift */,
				08D6EFF0251719B7007198C0 /* PositionItem.swift */,
				08D6EFF325171AA4007198C0 /* UrlsItem.swift */,
				08D6EFF625171B0B007198C0 /* ValuesItem.swift */,
				08D6EFF925171B79007198C0 /* HistoricalItem.swift */,
				08D6EFFC25171C4F007198C0 /* ProfileImageItem.swift */,
				08D6EFFF25171C92007198C0 /* UserItem.swift */,
				08D6F00225171D09007198C0 /* LinksItem.swift */,
				08D6F00525171DCD007198C0 /* LocationItem.swift */,
				08D6F00825171FB6007198C0 /* LikesItem.swift */,
				08D6F00B25171FEF007198C0 /* DownloadsItem.swift */,
				08D6F00F25172031007198C0 /* ExifItem.swift */,
				08D6F0132517207C007198C0 /* CurrentUserCollectionsItem.swift */,
				08D6F016251720D5007198C0 /* CoverPhotoItem.swift */,
				08D6F01925172146007198C0 /* StatisticsItem.swift */,
				08D6F01C2517218D007198C0 /* ViewsItem.swift */,
				08D6F01F25172360007198C0 /* PhotoItem.swift */,
			);
			path = Entity;
			sourceTree = "<group>";
		};
		08D6EFEA251718EE007198C0 /* Entity */ = {
			isa = PBXGroup;
			children = (
				08D6F02225173744007198C0 /* Tags.swift */,
				08D6F0252517376B007198C0 /* Position.swift */,
				08D6F02825173791007198C0 /* Urls.swift */,
				08D6F02B251737D0007198C0 /* Values.swift */,
				08D6F02E25173813007198C0 /* Historical.swift */,
				08D6F03125173851007198C0 /* ProfilImage.swift */,
				08D6F034251738A0007198C0 /* Links.swift */,
				08D6F037251738E6007198C0 /* User.swift */,
				08D6F03A25173944007198C0 /* Location.swift */,
				08D6F03D25173A5C007198C0 /* Likes.swift */,
				08D6F04025173AB0007198C0 /* Downloads.swift */,
				08D6F04325173AD1007198C0 /* Exif.swift */,
				08D6F04625173B17007198C0 /* CurrentUserCollections.swift */,
				08D6F04925173B4F007198C0 /* CoverPhoto.swift */,
				08D6F04C25173B94007198C0 /* Views.swift */,
				08D6F04F25173BB8007198C0 /* Statistics.swift */,
				08D6F05225173BE6007198C0 /* Photo.swift */,
			);
			path = Entity;
			sourceTree = "<group>";
		};
		606444F252079A2950706C93 /* Frameworks */ = {
			isa = PBXGroup;
			children = (
				CDFDA8884D33EC9AABBDF312 /* Pods_MoonSplash_iOS.framework */,
			);
			name = Frameworks;
			sourceTree = "<group>";
		};
		D2E165C76FF4FE55E3C118C3 /* Pods */ = {
			isa = PBXGroup;
			children = (
				9BDE8C612E944B0AA7F6CACA /* Pods-MoonSplash_iOS.debug.xcconfig */,
				CB05E15EC164F8D8289D76CF /* Pods-MoonSplash_iOS.release.xcconfig */,
			);
			name = Pods;
			path = Pods;
			sourceTree = "<group>";
		};
/* End PBXGroup section */

/* Begin PBXNativeTarget section */
		08D6EFD225171820007198C0 /* MoonSplash_iOS */ = {
			isa = PBXNativeTarget;
			buildConfigurationList = 08D6EFE225171824007198C0 /* Build configuration list for PBXNativeTarget "MoonSplash_iOS" */;
			buildPhases = (
				D93430098677E1F8C14B1FBA /* [CP] Check Pods Manifest.lock */,
				08D6EFCF25171820007198C0 /* Sources */,
				08D6EFD025171820007198C0 /* Frameworks */,
				08D6EFD125171820007198C0 /* Resources */,
				8925863444C1F65CB154BAFF /* [CP] Embed Pods Frameworks */,
			);
			buildRules = (
			);
			dependencies = (
			);
			name = MoonSplash_iOS;
			productName = MoonSplash_iOS;
			productReference = 08D6EFD325171821007198C0 /* MoonSplash_iOS.app */;
			productType = "com.apple.product-type.application";
		};
/* End PBXNativeTarget section */

/* Begin PBXProject section */
		08D6EFCB25171820007198C0 /* Project object */ = {
			isa = PBXProject;
			attributes = {
				LastSwiftUpdateCheck = 1200;
				LastUpgradeCheck = 1200;
				TargetAttributes = {
					08D6EFD225171820007198C0 = {
						CreatedOnToolsVersion = 12.0;
					};
				};
			};
			buildConfigurationList = 08D6EFCE25171820007198C0 /* Build configuration list for PBXProject "MoonSplash_iOS" */;
			compatibilityVersion = "Xcode 9.3";
			developmentRegion = en;
			hasScannedForEncodings = 0;
			knownRegions = (
				en,
				Base,
			);
			mainGroup = 08D6EFCA25171820007198C0;
			productRefGroup = 08D6EFD425171821007198C0 /* Products */;
			projectDirPath = "";
			projectRoot = "";
			targets = (
				08D6EFD225171820007198C0 /* MoonSplash_iOS */,
			);
		};
/* End PBXProject section */

/* Begin PBXResourcesBuildPhase section */
		08D6EFD125171820007198C0 /* Resources */ = {
			isa = PBXResourcesBuildPhase;
			buildActionMask = 2147483647;
			files = (
				08D6EFDE25171824007198C0 /* Preview Assets.xcassets in Resources */,
				08D6EFDB25171824007198C0 /* Assets.xcassets in Resources */,
			);
			runOnlyForDeploymentPostprocessing = 0;
		};
/* End PBXResourcesBuildPhase section */

/* Begin PBXShellScriptBuildPhase section */
		8925863444C1F65CB154BAFF /* [CP] Embed Pods Frameworks */ = {
			isa = PBXShellScriptBuildPhase;
			buildActionMask = 2147483647;
			files = (
			);
			inputFileListPaths = (
				"${PODS_ROOT}/Target Support Files/Pods-MoonSplash_iOS/Pods-MoonSplash_iOS-frameworks-${CONFIGURATION}-input-files.xcfilelist",
			);
			name = "[CP] Embed Pods Frameworks";
			outputFileListPaths = (
				"${PODS_ROOT}/Target Support Files/Pods-MoonSplash_iOS/Pods-MoonSplash_iOS-frameworks-${CONFIGURATION}-output-files.xcfilelist",
			);
			runOnlyForDeploymentPostprocessing = 0;
			shellPath = /bin/sh;
			shellScript = "\"${PODS_ROOT}/Target Support Files/Pods-MoonSplash_iOS/Pods-MoonSplash_iOS-frameworks.sh\"\n";
			showEnvVarsInLog = 0;
		};
		D93430098677E1F8C14B1FBA /* [CP] Check Pods Manifest.lock */ = {
			isa = PBXShellScriptBuildPhase;
			buildActionMask = 2147483647;
			files = (
			);
			inputFileListPaths = (
			);
			inputPaths = (
				"${PODS_PODFILE_DIR_PATH}/Podfile.lock",
				"${PODS_ROOT}/Manifest.lock",
			);
			name = "[CP] Check Pods Manifest.lock";
			outputFileListPaths = (
			);
			outputPaths = (
				"$(DERIVED_FILE_DIR)/Pods-MoonSplash_iOS-checkManifestLockResult.txt",
			);
			runOnlyForDeploymentPostprocessing = 0;
			shellPath = /bin/sh;
			shellScript = "diff \"${PODS_PODFILE_DIR_PATH}/Podfile.lock\" \"${PODS_ROOT}/Manifest.lock\" > /dev/null\nif [ $? != 0 ] ; then\n    # print error to STDERR\n    echo \"error: The sandbox is not in sync with the Podfile.lock. Run 'pod install' or update your CocoaPods installation.\" >&2\n    exit 1\nfi\n# This output is used by Xcode 'outputs' to avoid re-running this script phase.\necho \"SUCCESS\" > \"${SCRIPT_OUTPUT_FILE_0}\"\n";
			showEnvVarsInLog = 0;
		};
/* End PBXShellScriptBuildPhase section */

/* Begin PBXSourcesBuildPhase section */
		08D6EFCF25171820007198C0 /* Sources */ = {
			isa = PBXSourcesBuildPhase;
			buildActionMask = 2147483647;
			files = (
				08D6F00325171D09007198C0 /* LinksItem.swift in Sources */,
				08D6F04125173AB0007198C0 /* Downloads.swift in Sources */,
				08D6F04425173AD1007198C0 /* Exif.swift in Sources */,
				08D6EFF725171B0B007198C0 /* ValuesItem.swift in Sources */,
				08D6EFED2517190D007198C0 /* TagsItem.swift in Sources */,
				08D6F0142517207C007198C0 /* CurrentUserCollectionsItem.swift in Sources */,
				08D6F00025171C92007198C0 /* UserItem.swift in Sources */,
				08D6F038251738E6007198C0 /* User.swift in Sources */,
				08D6F03B25173944007198C0 /* Location.swift in Sources */,
				08D6F03E25173A5C007198C0 /* Likes.swift in Sources */,
				08D6F035251738A0007198C0 /* Links.swift in Sources */,
				08D6F02F25173813007198C0 /* Historical.swift in Sources */,
				08D6F05325173BE6007198C0 /* Photo.swift in Sources */,
				08D6F04D25173B94007198C0 /* Views.swift in Sources */,
				08D6EFFA25171B79007198C0 /* HistoricalItem.swift in Sources */,
				08D6EFF1251719B7007198C0 /* PositionItem.swift in Sources */,
				08D6F017251720D5007198C0 /* CoverPhotoItem.swift in Sources */,
				08D6F02325173744007198C0 /* Tags.swift in Sources */,
				08D6F04A25173B4F007198C0 /* CoverPhoto.swift in Sources */,
				08D6EFFD25171C4F007198C0 /* ProfileImageItem.swift in Sources */,
				08D6EFD925171821007198C0 /* ContentView.swift in Sources */,
				08D6EFD725171821007198C0 /* MoonSplash_iOSApp.swift in Sources */,
				08D6F00925171FB6007198C0 /* LikesItem.swift in Sources */,
				08D6F01A25172146007198C0 /* StatisticsItem.swift in Sources */,
				08D6F0262517376B007198C0 /* Position.swift in Sources */,
				08D6F02925173791007198C0 /* Urls.swift in Sources */,
				08D6F01D2517218D007198C0 /* ViewsItem.swift in Sources */,
				08D6F04725173B17007198C0 /* CurrentUserCollections.swift in Sources */,
				08D6F00C25171FEF007198C0 /* DownloadsItem.swift in Sources */,
				08D6F05025173BB8007198C0 /* Statistics.swift in Sources */,
				08D6F03225173851007198C0 /* ProfilImage.swift in Sources */,
				08D6EFF425171AA4007198C0 /* UrlsItem.swift in Sources */,
				08D6F01025172031007198C0 /* ExifItem.swift in Sources */,
				08D6F00625171DCD007198C0 /* LocationItem.swift in Sources */,
				08D6F02C251737D0007198C0 /* Values.swift in Sources */,
				08D6F02025172360007198C0 /* PhotoItem.swift in Sources */,
			);
			runOnlyForDeploymentPostprocessing = 0;
		};
/* End PBXSourcesBuildPhase section */

/* Begin XCBuildConfiguration section */
		08D6EFE025171824007198C0 /* Debug */ = {
			isa = XCBuildConfiguration;
			buildSettings = {
				ALWAYS_SEARCH_USER_PATHS = NO;
				CLANG_ANALYZER_NONNULL = YES;
				CLANG_ANALYZER_NUMBER_OBJECT_CONVERSION = YES_AGGRESSIVE;
				CLANG_CXX_LANGUAGE_STANDARD = "gnu++14";
				CLANG_CXX_LIBRARY = "libc++";
				CLANG_ENABLE_MODULES = YES;
				CLANG_ENABLE_OBJC_ARC = YES;
				CLANG_ENABLE_OBJC_WEAK = YES;
				CLANG_WARN_BLOCK_CAPTURE_AUTORELEASING = YES;
				CLANG_WARN_BOOL_CONVERSION = YES;
				CLANG_WARN_COMMA = YES;
				CLANG_WARN_CONSTANT_CONVERSION = YES;
				CLANG_WARN_DEPRECATED_OBJC_IMPLEMENTATIONS = YES;
				CLANG_WARN_DIRECT_OBJC_ISA_USAGE = YES_ERROR;
				CLANG_WARN_DOCUMENTATION_COMMENTS = YES;
				CLANG_WARN_EMPTY_BODY = YES;
				CLANG_WARN_ENUM_CONVERSION = YES;
				CLANG_WARN_INFINITE_RECURSION = YES;
				CLANG_WARN_INT_CONVERSION = YES;
				CLANG_WARN_NON_LITERAL_NULL_CONVERSION = YES;
				CLANG_WARN_OBJC_IMPLICIT_RETAIN_SELF = YES;
				CLANG_WARN_OBJC_LITERAL_CONVERSION = YES;
				CLANG_WARN_OBJC_ROOT_CLASS = YES_ERROR;
				CLANG_WARN_QUOTED_INCLUDE_IN_FRAMEWORK_HEADER = YES;
				CLANG_WARN_RANGE_LOOP_ANALYSIS = YES;
				CLANG_WARN_STRICT_PROTOTYPES = YES;
				CLANG_WARN_SUSPICIOUS_MOVE = YES;
				CLANG_WARN_UNGUARDED_AVAILABILITY = YES_AGGRESSIVE;
				CLANG_WARN_UNREACHABLE_CODE = YES;
				CLANG_WARN__DUPLICATE_METHOD_MATCH = YES;
				COPY_PHASE_STRIP = NO;
				DEBUG_INFORMATION_FORMAT = dwarf;
				ENABLE_STRICT_OBJC_MSGSEND = YES;
				ENABLE_TESTABILITY = YES;
				GCC_C_LANGUAGE_STANDARD = gnu11;
				GCC_DYNAMIC_NO_PIC = NO;
				GCC_NO_COMMON_BLOCKS = YES;
				GCC_OPTIMIZATION_LEVEL = 0;
				GCC_PREPROCESSOR_DEFINITIONS = (
					"DEBUG=1",
					"$(inherited)",
				);
				GCC_WARN_64_TO_32_BIT_CONVERSION = YES;
				GCC_WARN_ABOUT_RETURN_TYPE = YES_ERROR;
				GCC_WARN_UNDECLARED_SELECTOR = YES;
				GCC_WARN_UNINITIALIZED_AUTOS = YES_AGGRESSIVE;
				GCC_WARN_UNUSED_FUNCTION = YES;
				GCC_WARN_UNUSED_VARIABLE = YES;
				IPHONEOS_DEPLOYMENT_TARGET = 14.0;
				MTL_ENABLE_DEBUG_INFO = INCLUDE_SOURCE;
				MTL_FAST_MATH = YES;
				ONLY_ACTIVE_ARCH = YES;
				SDKROOT = iphoneos;
				SWIFT_ACTIVE_COMPILATION_CONDITIONS = DEBUG;
				SWIFT_OPTIMIZATION_LEVEL = "-Onone";
			};
			name = Debug;
		};
		08D6EFE125171824007198C0 /* Release */ = {
			isa = XCBuildConfiguration;
			buildSettings = {
				ALWAYS_SEARCH_USER_PATHS = NO;
				CLANG_ANALYZER_NONNULL = YES;
				CLANG_ANALYZER_NUMBER_OBJECT_CONVERSION = YES_AGGRESSIVE;
				CLANG_CXX_LANGUAGE_STANDARD = "gnu++14";
				CLANG_CXX_LIBRARY = "libc++";
				CLANG_ENABLE_MODULES = YES;
				CLANG_ENABLE_OBJC_ARC = YES;
				CLANG_ENABLE_OBJC_WEAK = YES;
				CLANG_WARN_BLOCK_CAPTURE_AUTORELEASING = YES;
				CLANG_WARN_BOOL_CONVERSION = YES;
				CLANG_WARN_COMMA = YES;
				CLANG_WARN_CONSTANT_CONVERSION = YES;
				CLANG_WARN_DEPRECATED_OBJC_IMPLEMENTATIONS = YES;
				CLANG_WARN_DIRECT_OBJC_ISA_USAGE = YES_ERROR;
				CLANG_WARN_DOCUMENTATION_COMMENTS = YES;
				CLANG_WARN_EMPTY_BODY = YES;
				CLANG_WARN_ENUM_CONVERSION = YES;
				CLANG_WARN_INFINITE_RECURSION = YES;
				CLANG_WARN_INT_CONVERSION = YES;
				CLANG_WARN_NON_LITERAL_NULL_CONVERSION = YES;
				CLANG_WARN_OBJC_IMPLICIT_RETAIN_SELF = YES;
				CLANG_WARN_OBJC_LITERAL_CONVERSION = YES;
				CLANG_WARN_OBJC_ROOT_CLASS = YES_ERROR;
				CLANG_WARN_QUOTED_INCLUDE_IN_FRAMEWORK_HEADER = YES;
				CLANG_WARN_RANGE_LOOP_ANALYSIS = YES;
				CLANG_WARN_STRICT_PROTOTYPES = YES;
				CLANG_WARN_SUSPICIOUS_MOVE = YES;
				CLANG_WARN_UNGUARDED_AVAILABILITY = YES_AGGRESSIVE;
				CLANG_WARN_UNREACHABLE_CODE = YES;
				CLANG_WARN__DUPLICATE_METHOD_MATCH = YES;
				COPY_PHASE_STRIP = NO;
				DEBUG_INFORMATION_FORMAT = "dwarf-with-dsym";
				ENABLE_NS_ASSERTIONS = NO;
				ENABLE_STRICT_OBJC_MSGSEND = YES;
				GCC_C_LANGUAGE_STANDARD = gnu11;
				GCC_NO_COMMON_BLOCKS = YES;
				GCC_WARN_64_TO_32_BIT_CONVERSION = YES;
				GCC_WARN_ABOUT_RETURN_TYPE = YES_ERROR;
				GCC_WARN_UNDECLARED_SELECTOR = YES;
				GCC_WARN_UNINITIALIZED_AUTOS = YES_AGGRESSIVE;
				GCC_WARN_UNUSED_FUNCTION = YES;
				GCC_WARN_UNUSED_VARIABLE = YES;
				IPHONEOS_DEPLOYMENT_TARGET = 14.0;
				MTL_ENABLE_DEBUG_INFO = NO;
				MTL_FAST_MATH = YES;
				SDKROOT = iphoneos;
				SWIFT_COMPILATION_MODE = wholemodule;
				SWIFT_OPTIMIZATION_LEVEL = "-O";
				VALIDATE_PRODUCT = YES;
			};
			name = Release;
		};
		08D6EFE325171824007198C0 /* Debug */ = {
			isa = XCBuildConfiguration;
			baseConfigurationReference = 9BDE8C612E944B0AA7F6CACA /* Pods-MoonSplash_iOS.debug.xcconfig */;
			buildSettings = {
				ASSETCATALOG_COMPILER_APPICON_NAME = AppIcon;
				ASSETCATALOG_COMPILER_GLOBAL_ACCENT_COLOR_NAME = AccentColor;
				CODE_SIGN_STYLE = Automatic;
				DEVELOPMENT_ASSET_PATHS = "\"MoonSplash_iOS/Preview Content\"";
				DEVELOPMENT_TEAM = 9H3FM5DKST;
				ENABLE_PREVIEWS = YES;
				INFOPLIST_FILE = MoonSplash_iOS/Info.plist;
				IPHONEOS_DEPLOYMENT_TARGET = 14.0;
				LD_RUNPATH_SEARCH_PATHS = (
					"$(inherited)",
					"@executable_path/Frameworks",
				);
				PRODUCT_BUNDLE_IDENTIFIER = "com.hyejeanmoon.MoonSplash-iOS";
				PRODUCT_NAME = "$(TARGET_NAME)";
				SWIFT_VERSION = 5.0;
				TARGETED_DEVICE_FAMILY = "1,2";
			};
			name = Debug;
		};
		08D6EFE425171824007198C0 /* Release */ = {
			isa = XCBuildConfiguration;
			baseConfigurationReference = CB05E15EC164F8D8289D76CF /* Pods-MoonSplash_iOS.release.xcconfig */;
			buildSettings = {
				ASSETCATALOG_COMPILER_APPICON_NAME = AppIcon;
				ASSETCATALOG_COMPILER_GLOBAL_ACCENT_COLOR_NAME = AccentColor;
				CODE_SIGN_STYLE = Automatic;
				DEVELOPMENT_ASSET_PATHS = "\"MoonSplash_iOS/Preview Content\"";
				DEVELOPMENT_TEAM = 9H3FM5DKST;
				ENABLE_PREVIEWS = YES;
				INFOPLIST_FILE = MoonSplash_iOS/Info.plist;
				IPHONEOS_DEPLOYMENT_TARGET = 14.0;
				LD_RUNPATH_SEARCH_PATHS = (
					"$(inherited)",
					"@executable_path/Frameworks",
				);
				PRODUCT_BUNDLE_IDENTIFIER = "com.hyejeanmoon.MoonSplash-iOS";
				PRODUCT_NAME = "$(TARGET_NAME)";
				SWIFT_VERSION = 5.0;
				TARGETED_DEVICE_FAMILY = "1,2";
			};
			name = Release;
		};
/* End XCBuildConfiguration section */

/* Begin XCConfigurationList section */
		08D6EFCE25171820007198C0 /* Build configuration list for PBXProject "MoonSplash_iOS" */ = {
			isa = XCConfigurationList;
			buildConfigurations = (
				08D6EFE025171824007198C0 /* Debug */,
				08D6EFE125171824007198C0 /* Release */,
			);
			defaultConfigurationIsVisible = 0;
			defaultConfigurationName = Release;
		};
		08D6EFE225171824007198C0 /* Build configuration list for PBXNativeTarget "MoonSplash_iOS" */ = {
			isa = XCConfigurationList;
			buildConfigurations = (
				08D6EFE325171824007198C0 /* Debug */,
				08D6EFE425171824007198C0 /* Release */,
			);
			defaultConfigurationIsVisible = 0;
			defaultConfigurationName = Release;
		};
/* End XCConfigurationList section */
	};
	rootObject = 08D6EFCB25171820007198C0 /* Project object */;
}
